GEM
  remote: https://rubygems.org/
  specs:
    CFPropertyList (2.3.6)
    actioncable (7.0.10)
      actionpack (= 7.0.10)
      activesupport (= 7.0.10)
      nio4r (~> 2.0)
      websocket-driver (>= 0.6.1)
    actionmailbox (7.0.10)
      actionpack (= 7.0.10)
      activejob (= 7.0.10)
      activerecord (= 7.0.10)
      activestorage (= 7.0.10)
      activesupport (= 7.0.10)
      mail (>= 2.7.1)
      net-imap
      net-pop
      net-smtp
    actionmailer (7.0.10)
      actionpack (= 7.0.10)
      actionview (= 7.0.10)
      activejob (= 7.0.10)
      activesupport (= 7.0.10)
      mail (~> 2.5, >= 2.5.4)
      net-imap
      net-pop
      net-smtp
      rails-dom-testing (~> 2.0)
    actionpack (7.0.10)
      actionview (= 7.0.10)
      activesupport (= 7.0.10)
      racc
      rack (~> 2.0, >= 2.2.4)
      rack-test (>= 0.6.3)
      rails-dom-testing (~> 2.0)
      rails-html-sanitizer (~> 1.0, >= 1.2.0)
    actiontext (7.0.10)
      actionpack (= 7.0.10)
      activerecord (= 7.0.10)
      activestorage (= 7.0.10)
      activesupport (= 7.0.10)
      globalid (>= 0.6.0)
      nokogiri (>= 1.8.5)
    actionview (7.0.10)
      activesupport (= 7.0.10)
      builder (~> 3.1)
      erubi (~> 1.4)
      rails-dom-testing (~> 2.0)
      rails-html-sanitizer (~> 1.1, >= 1.2.0)
    activejob (7.0.10)
      activesupport (= 7.0.10)
      globalid (>= 0.3.6)
    activemodel (7.0.10)
      activesupport (= 7.0.10)
    activerecord (7.0.10)
      activemodel (= 7.0.10)
      activesupport (= 7.0.10)
    activestorage (7.0.10)
      actionpack (= 7.0.10)
      activejob (= 7.0.10)
      activerecord (= 7.0.10)
      activesupport (= 7.0.10)
      marcel (~> 1.0)
      mini_mime (>= 1.1.0)
    activesupport (7.0.10)
      base64
      benchmark (>= 0.3)
      bigdecimal
      concurrent-ruby (~> 1.0, >= 1.0.2)
      drb
      i18n (>= 1.6, < 2)
      logger (>= 1.4.2)
      minitest (>= 5.1)
      mutex_m
      securerandom (>= 0.3)
      tzinfo (~> 2.0)
    addressable (2.8.8)
      public_suffix (>= 2.0.2, < 8.0)
    animate-rails (1.0.10)
      rails
    autoprefixer-rails (10.4.21.0)
      execjs (~> 2)
    aws_cf_signer (0.1.3)
    base64 (0.3.0)
    bcrypt (3.1.21)
    benchmark (0.5.0)
    bigdecimal (4.0.1)
    bootsnap (1.20.1)
      msgpack (~> 1.2)
    bootstrap-growl-rails (3.1.3)
    bootstrap-sass (3.4.1)
      autoprefixer-rails (>= 5.2.1)
      sassc (>= 2.0.0)
    bootstrap-switch-rails (3.3.5)
    bootstrap-will_paginate (0.0.11)
      will_paginate
    bootstrap3-datetimepicker-rails (4.17.47)
      momentjs-rails (>= 2.8.1)
    builder (3.3.0)
    c3-rails (0.4.18)
    carrierwave (3.1.2)
      activemodel (>= 6.0.0)
      activesupport (>= 6.0.0)
      addressable (~> 2.6)
      image_processing (~> 1.1)
      marcel (~> 1.0.0)
      ssrf_filter (~> 1.0)
    cloudinary (1.29.0)
      aws_cf_signer
      rest-client (>= 2.0.0)
    coderay (1.1.3)
    coffee-rails (4.2.2)
      coffee-script (>= 2.2.0)
      railties (>= 4.0.0)
    coffee-script (2.4.1)
      coffee-script-source
      execjs
    coffee-script-source (1.12.2)
    concurrent-ruby (1.3.6)
    coveralls (0.8.23)
      json (>= 1.8, < 3)
      simplecov (~> 0.16.1)
      term-ansicolor (~> 1.3)
      thor (>= 0.19.4, < 2.0)
      tins (~> 1.6)
    crass (1.0.6)
    d3-rails (3.5.17)
      railties (>= 3.1)
    date (3.5.1)
    docile (1.4.1)
    domain_name (0.6.20240107)
    drb (2.2.3)
    erubi (1.13.1)
    execjs (2.10.0)
    ffi (1.17.3-aarch64-linux-gnu)
    ffi (1.17.3-aarch64-linux-musl)
    ffi (1.17.3-arm-linux-gnu)
    ffi (1.17.3-arm-linux-musl)
    ffi (1.17.3-arm64-darwin)
    ffi (1.17.3-x86_64-darwin)
    ffi (1.17.3-x86_64-linux-gnu)
    ffi (1.17.3-x86_64-linux-musl)
    formatador (0.3.0)
    globalid (1.3.0)
      activesupport (>= 6.1)
    guard (2.19.1)
      formatador (>= 0.2.4)
      listen (>= 2.7, < 4.0)
      logger (~> 1.6)
      lumberjack (>= 1.0.12, < 2.0)
      nenv (~> 0.1)
      notiffany (~> 0.0)
      ostruct (~> 0.6)
      pry (>= 0.13.0)
      shellany (~> 0.0)
      thor (>= 0.18.1)
    http-accept (1.7.0)
    http-cookie (1.1.0)
      domain_name (~> 0.5)
    i18n (1.14.8)
      concurrent-ruby (~> 1.0)
    image_processing (1.14.0)
      mini_magick (>= 4.9.5, < 6)
      ruby-vips (>= 2.0.17, < 3)
    io-console (0.8.2)
    jbuilder (2.14.1)
      actionview (>= 7.0.0)
      activesupport (>= 7.0.0)
    jquery-rails (4.6.1)
      rails-dom-testing (>= 1, < 3)
      railties (>= 4.2.0)
      thor (>= 0.14, < 2.0)
    jquery-turbolinks (2.1.0)
      railties (>= 3.1.0)
      turbolinks
    json (2.18.0)
    listen (3.9.0)
      rb-fsevent (~> 0.10, >= 0.10.3)
      rb-inotify (~> 0.9, >= 0.9.10)
    logger (1.7.0)
    loofah (2.25.0)
      crass (~> 1.0.2)
      nokogiri (>= 1.12.0)
    lumberjack (1.4.2)
    mail (2.9.0)
      logger
      mini_mime (>= 0.1.1)
      net-imap
      net-pop
      net-smtp
    marcel (1.0.4)
    method_source (1.1.0)
    mime-types (3.7.0)
      logger
      mime-types-data (~> 3.2025, >= 3.2025.0507)
    mime-types-data (3.2025.0924)
    mini_magick (4.13.2)
    mini_mime (1.1.5)
    minitest (5.27.0)
    mize (0.6.1)
    momentjs-rails (2.29.4.1)
      railties (>= 3.1)
    msgpack (1.8.0)
    mutex_m (0.3.0)
    nenv (0.3.0)
    net-imap (0.6.2)
      date
      net-protocol
    net-pop (0.1.2)
      net-protocol
    net-protocol (0.2.2)
      timeout
    net-smtp (0.5.1)
      net-protocol
    net-ssh (3.2.0)
    netrc (0.11.0)
    nio4r (2.7.5)
    nokogiri (1.19.0-aarch64-linux-gnu)
      racc (~> 1.4)
    nokogiri (1.19.0-aarch64-linux-musl)
      racc (~> 1.4)
    nokogiri (1.19.0-arm-linux-gnu)
      racc (~> 1.4)
    nokogiri (1.19.0-arm-linux-musl)
      racc (~> 1.4)
    nokogiri (1.19.0-arm64-darwin)
      racc (~> 1.4)
    nokogiri (1.19.0-x86_64-darwin)
      racc (~> 1.4)
    nokogiri (1.19.0-x86_64-linux-gnu)
      racc (~> 1.4)
    nokogiri (1.19.0-x86_64-linux-musl)
      racc (~> 1.4)
    notiffany (0.1.3)
      nenv (~> 0.1)
      shellany (~> 0.0)
    ostruct (0.6.3)
    pg (1.6.3)
    pg (1.6.3-aarch64-linux)
    pg (1.6.3-aarch64-linux-musl)
    pg (1.6.3-arm64-darwin)
    pg (1.6.3-x86_64-darwin)
    pg (1.6.3-x86_64-linux)
    pg (1.6.3-x86_64-linux-musl)
    pry (0.16.0)
      coderay (~> 1.1)
      method_source (~> 1.0)
      reline (>= 0.6.0)
    public_suffix (7.0.2)
    puma (6.6.1)
      nio4r (~> 2.0)
    racc (1.8.1)
    rack (2.2.21)
    rack-test (2.2.0)
      rack (>= 1.3)
    rails (7.0.10)
      actioncable (= 7.0.10)
      actionmailbox (= 7.0.10)
      actionmailer (= 7.0.10)
      actionpack (= 7.0.10)
      actiontext (= 7.0.10)
      actionview (= 7.0.10)
      activejob (= 7.0.10)
      activemodel (= 7.0.10)
      activerecord (= 7.0.10)
      activestorage (= 7.0.10)
      activesupport (= 7.0.10)
      bundler (>= 1.15.0)
      railties (= 7.0.10)
    rails-controller-testing (1.0.5)
      actionpack (>= 5.0.1.rc1)
      actionview (>= 5.0.1.rc1)
      activesupport (>= 5.0.1.rc1)
    rails-dom-testing (2.3.0)
      activesupport (>= 5.0.0)
      minitest
      nokogiri (>= 1.6)
    rails-html-sanitizer (1.6.2)
      loofah (~> 2.21)
      nokogiri (>= 1.15.7, != 1.16.7, != 1.16.6, != 1.16.5, != 1.16.4, != 1.16.3, != 1.16.2, != 1.16.1, != 1.16.0.rc1, != 1.16.0)
    railties (7.0.10)
      actionpack (= 7.0.10)
      activesupport (= 7.0.10)
      method_source
      rake (>= 12.2)
      thor (~> 1.0)
      zeitwerk (~> 2.5)
    rake (13.3.1)
    rb-fsevent (0.11.2)
    rb-inotify (0.11.1)
      ffi (~> 1.0)
    readline (0.0.4)
      reline
    redis (3.3.5)
    reline (0.6.3)
      io-console (~> 0.5)
    rest-client (2.1.0)
      http-accept (>= 1.7.0, < 2.0)
      http-cookie (>= 1.0.2, < 2.0)
      mime-types (>= 1.16, < 4.0)
      netrc (~> 0.8)
    ruby-vips (2.3.0)
      ffi (~> 1.12)
      logger
    sassc (2.4.0)
      ffi (~> 1.9)
    sassc-rails (2.1.2)
      railties (>= 4.0.0)
      sassc (>= 2.0)
      sprockets (> 3.0)
      sprockets-rails
      tilt
    securerandom (0.4.1)
    shellany (0.0.1)
    simplecov (0.16.1)
      docile (~> 1.1)
      json (>= 1.8, < 3)
      simplecov-html (~> 0.10.0)
    simplecov-html (0.10.2)
    sprockets (3.7.5)
      base64
      concurrent-ruby (~> 1.0)
      rack (> 1, < 3)
    sprockets-rails (3.5.2)
      actionpack (>= 6.1)
      activesupport (>= 6.1)
      sprockets (>= 3.0.0)
    sqlite3 (1.7.3-aarch64-linux)
    sqlite3 (1.7.3-arm-linux)
    sqlite3 (1.7.3-arm64-darwin)
    sqlite3 (1.7.3-x86_64-darwin)
    sqlite3 (1.7.3-x86_64-linux)
    ssrf_filter (1.0.8)
    stripe (1.58.0)
      rest-client (>= 1.4, < 4.0)
    sync (0.5.0)
    term-ansicolor (1.11.3)
      tins (~> 1)
    thor (1.5.0)
    tilt (2.6.1)
    timeout (0.6.0)
    tins (1.51.0)
      bigdecimal
      mize (~> 0.6)
      readline
      sync
    turbolinks (5.2.1)
      turbolinks-source (~> 5.2)
    turbolinks-source (5.2.0)
    tzinfo (2.0.6)
      concurrent-ruby (~> 1.0)
    tzinfo-data (1.2025.3)
      tzinfo (>= 1.0.0)
    uglifier (3.2.0)
      execjs (>= 0.3.0, < 3)
    websocket-driver (0.8.0)
      base64
      websocket-extensions (>= 0.1.0)
    websocket-extensions (0.1.5)
    will_paginate (3.3.1)
    zeitwerk (2.7.4)

PLATFORMS
  aarch64-linux
  aarch64-linux-gnu
  aarch64-linux-musl
  arm-linux
  arm-linux-gnu
  arm-linux-musl
  arm64-darwin
  x86_64-darwin
  x86_64-linux
  x86_64-linux-musl

DEPENDENCIES
  CFPropertyList (~> 2.3)
  animate-rails (~> 1.0)
  bcrypt (~> 3.1)
  bootsnap
  bootstrap-growl-rails (~> 3.1)
  bootstrap-sass (~> 3.4)
  bootstrap-switch-rails (~> 3.3)
  bootstrap-will_paginate (~> 0.0)
  bootstrap3-datetimepicker-rails (~> 4.14)
  c3-rails (~> 0.4)
  carrierwave (~> 3.0)
  cloudinary (~> 1.23)
  coffee-rails (~> 4.2)
  coveralls (~> 0.8)
  d3-rails (~> 3.5)
  ffi (~> 1.9)
  guard (~> 2.13)
  jbuilder (~> 2.11)
  jquery-rails (~> 4.2)
  jquery-turbolinks (~> 2.1)
  loofah (~> 2.3)
  mini_magick (~> 4.12)
  minitest (~> 5.0)
  momentjs-rails (~> 2.15)
  net-imap
  net-pop
  net-smtp
  net-ssh (~> 3.2)
  nokogiri (>= 1.13)
  pg (~> 1.1)
  puma (~> 6.0)
  rack (~> 2.1)
  rails (~> 7.0.8)
  rails-controller-testing (~> 1.0)
  rake (~> 13.0)
  redis (~> 3.3)
  sassc-rails (~> 2.1)
  simplecov (~> 0.11)
  sprockets (~> 3.7)
  sqlite3 (~> 1.7.0)
  stripe (~> 1.31)
  turbolinks (~> 5.1)
  tzinfo-data (~> 1.2018)
  uglifier (~> 3.0)
  will_paginate (~> 3.1)

RUBY VERSION
   ruby 3.3.8p144

BUNDLED WITH
   2.6.7
